{
  "buildHash": "25f6cef77410c505301cb6de49b86dd9",
  "jsApi": {
    "apiInstances": [],
    "apiAliases": {},
    "apiInterfaces": {},
    "apiNames": {},
    "apiTypes": {}
  },
  "llvmApi": {
    "apiInstances": [],
    "apiAliases": {},
    "apiInterfaces": {},
    "apiNames": {},
    "apiTypes": {}
  },
  "versionHash": "0303f93637e61e28843862449f225607"
}
